
Microsoft Visual Studio Solution File, Format Version 12.00
# Visual Studio Version 17
VisualStudioVersion = 17.11.35303.130
MinimumVisualStudioVersion = 10.0.40219.1
Project("{FAE04EC0-301F-11D3-BF4B-00C04F79EFBC}") = "API", "API\API.csproj", "{CAF33F1F-2B0F-45E6-8BE8-8A301B3DA213}"
EndProject
Global
	GlobalSection(SolutionConfigurationPlatforms) = preSolution
		Debug|Any CPU = Debug|Any CPU
		Release|Any CPU = Release|Any CPU
	EndGlobalSection
	GlobalSection(ProjectConfigurationPlatforms) = postSolution
		{CAF33F1F-2B0F-45E6-8BE8-8A301B3DA213}.Debug|Any CPU.ActiveCfg = Debug|Any CPU
		{CAF33F1F-2B0F-45E6-8BE8-8A301B3DA213}.Debug|Any CPU.Build.0 = Debug|Any CPU
		{CAF33F1F-2B0F-45E6-8BE8-8A301B3DA213}.Release|Any CPU.ActiveCfg = Release|Any CPU
		{CAF33F1F-2B0F-45E6-8BE8-8A301B3DA213}.Release|Any CPU.Build.0 = Release|Any CPU
	EndGlobalSection
	GlobalSection(SolutionProperties) = preSolution
		HideSolutionNode = FALSE
	EndGlobalSection
	GlobalSection(ExtensibilityGlobals) = postSolution
		SolutionGuid = {5AFEA311-4616-4E82-94BF-A9BBF487FCDB}
	EndGlobalSection
EndGlobal
